<?xml version="1.0" encoding="utf-8"?>
<Project ToolsVersion="4.0" xmlns="http://schemas.microsoft.com/developer/msbuild/2003">
  <ItemGroup>
    <Filter Include="源文件">
      <UniqueIdentifier>{4FC737F1-C7A5-4376-A066-2A32D752A2FF}</UniqueIdentifier>
      <Extensions>cpp;c;cc;cxx;def;odl;idl;hpj;bat;asm;asmx</Extensions>
    </Filter>
    <Filter Include="头文件">
      <UniqueIdentifier>{93995380-89BD-4b04-88EB-625FBE52EBFB}</UniqueIdentifier>
      <Extensions>h;hh;hpp;hxx;hm;inl;inc;xsd</Extensions>
    </Filter>
    <Filter Include="资源文件">
      <UniqueIdentifier>{67DA6AB6-F800-4c08-8B7A-83BB121AAD01}</UniqueIdentifier>
      <Extensions>rc;ico;cur;bmp;dlg;rc2;rct;bin;rgs;gif;jpg;jpeg;jpe;resx;tiff;tif;png;wav;mfcribbon-ms</Extensions>
    </Filter>
    <Filter Include="Texture">
      <UniqueIdentifier>{437a8c85-727e-4341-a2dd-1179ed4016a9}</UniqueIdentifier>
    </Filter>
    <Filter Include="Shader">
      <UniqueIdentifier>{dfa7aeef-d497-427d-940b-437f65a8111f}</UniqueIdentifier>
    </Filter>
    <Filter Include="Math">
      <UniqueIdentifier>{14e212ac-4abd-4cf8-bf24-cd0ed33e3ff3}</UniqueIdentifier>
    </Filter>
    <Filter Include="Cure">
      <UniqueIdentifier>{2bc7876a-8b97-4c14-b26e-5168691fa659}</UniqueIdentifier>
    </Filter>
    <Filter Include="Camera">
      <UniqueIdentifier>{d4af8fb6-8357-4c07-9ec9-ab537c7c216c}</UniqueIdentifier>
    </Filter>
  </ItemGroup>
  <ItemGroup>
    <ClCompile Include="BaseFunction.cpp">
      <Filter>源文件</Filter>
    </ClCompile>
    <ClCompile Include="D3D11App.cpp">
      <Filter>源文件</Filter>
    </ClCompile>
    <ClCompile Include="DeviceManager.cpp">
      <Filter>源文件</Filter>
    </ClCompile>
    <ClCompile Include="GameTimer.cpp">
      <Filter>源文件</Filter>
    </ClCompile>
    <ClCompile Include="SwapChain.cpp">
      <Filter>源文件</Filter>
    </ClCompile>
    <ClCompile Include="Texture\DDSTextureLoader.cpp">
      <Filter>Texture</Filter>
    </ClCompile>
    <ClCompile Include="Shader\ShaderBufferManager.cpp">
      <Filter>Shader</Filter>
    </ClCompile>
    <ClCompile Include="VertexTypes.cpp">
      <Filter>源文件</Filter>
    </ClCompile>
    <ClCompile Include="Shader\ShaderManager.cpp">
      <Filter>Shader</Filter>
    </ClCompile>
    <ClCompile Include="Shader\ShaderResource.cpp">
      <Filter>Shader</Filter>
    </ClCompile>
    <ClCompile Include="Math\SimpleMath.cpp">
      <Filter>Math</Filter>
    </ClCompile>
    <ClCompile Include="CommonStates.cpp">
      <Filter>源文件</Filter>
    </ClCompile>
    <ClCompile Include="DXFunction.cpp">
      <Filter>源文件</Filter>
    </ClCompile>
    <ClCompile Include="modelclass.cpp">
      <Filter>源文件</Filter>
    </ClCompile>
    <ClCompile Include="Texture\DX11RTTexture.cpp">
      <Filter>Texture</Filter>
    </ClCompile>
    <ClCompile Include="Cure\spline.cpp">
      <Filter>Cure</Filter>
    </ClCompile>
    <ClCompile Include="Cure\Curve.cpp">
      <Filter>Cure</Filter>
    </ClCompile>
    <ClCompile Include="d3dUtil.cpp">
      <Filter>源文件</Filter>
    </ClCompile>
    <ClCompile Include="p3type.cpp">
      <Filter>源文件</Filter>
    </ClCompile>
    <ClCompile Include="MeshRender.cpp">
      <Filter>源文件</Filter>
    </ClCompile>
    <ClCompile Include="GeometryGens.cpp">
      <Filter>源文件</Filter>
    </ClCompile>
    <ClCompile Include="TrackballCameraController.cpp">
      <Filter>源文件</Filter>
    </ClCompile>
    <ClCompile Include="Camera\CameraComponent.cpp">
      <Filter>Camera</Filter>
    </ClCompile>
    <ClCompile Include="Camera\CameraHelp.cpp">
      <Filter>Camera</Filter>
    </ClCompile>
    <ClCompile Include="D3D11RendererMesh.cpp">
      <Filter>源文件</Filter>
    </ClCompile>
    <ClCompile Include="D3D11RendererMaterial.cpp">
      <Filter>源文件</Filter>
    </ClCompile>
    <ClCompile Include="D3DShader.cpp">
      <Filter>源文件</Filter>
    </ClCompile>
  </ItemGroup>
  <ItemGroup>
    <ClInclude Include="BaseFunction.h">
      <Filter>头文件</Filter>
    </ClInclude>
    <ClInclude Include="D3D11App.h">
      <Filter>头文件</Filter>
    </ClInclude>
    <ClInclude Include="DeviceManager.h">
      <Filter>头文件</Filter>
    </ClInclude>
    <ClInclude Include="GameTimer.h">
      <Filter>头文件</Filter>
    </ClInclude>
    <ClInclude Include="HpD3D9Type.h">
      <Filter>头文件</Filter>
    </ClInclude>
    <ClInclude Include="SwapChain.h">
      <Filter>头文件</Filter>
    </ClInclude>
    <ClInclude Include="Texture\dds.h">
      <Filter>Texture</Filter>
    </ClInclude>
    <ClInclude Include="Texture\DDSTextureLoader.h">
      <Filter>Texture</Filter>
    </ClInclude>
    <ClInclude Include="Texture\DirectXHelpers.h">
      <Filter>Texture</Filter>
    </ClInclude>
    <ClInclude Include="Texture\pch.h">
      <Filter>Texture</Filter>
    </ClInclude>
    <ClInclude Include="Texture\PlatformHelpers.h">
      <Filter>Texture</Filter>
    </ClInclude>
    <ClInclude Include="Shader\ShaderBufferManager.h">
      <Filter>Shader</Filter>
    </ClInclude>
    <ClInclude Include="VertexTypes.h">
      <Filter>头文件</Filter>
    </ClInclude>
    <ClInclude Include="Shader\ShaderResource.h">
      <Filter>Shader</Filter>
    </ClInclude>
    <ClInclude Include="Shader\ShaderManager.h">
      <Filter>Shader</Filter>
    </ClInclude>
    <ClInclude Include="Math\SimpleMath.h">
      <Filter>Math</Filter>
    </ClInclude>
    <ClInclude Include="CommonStates.h">
      <Filter>头文件</Filter>
    </ClInclude>
    <ClInclude Include="DXFunction.h">
      <Filter>头文件</Filter>
    </ClInclude>
    <ClInclude Include="modelclass.h">
      <Filter>头文件</Filter>
    </ClInclude>
    <ClInclude Include="Texture\DX11RTTexture.h">
      <Filter>Texture</Filter>
    </ClInclude>
    <ClInclude Include="Cure\spline.h">
      <Filter>Cure</Filter>
    </ClInclude>
    <ClInclude Include="Cure\Curve.h">
      <Filter>Cure</Filter>
    </ClInclude>
    <ClInclude Include="d3dUtil.h">
      <Filter>头文件</Filter>
    </ClInclude>
    <ClInclude Include="p3types.h">
      <Filter>头文件</Filter>
    </ClInclude>
    <ClInclude Include="P3Primitive.h">
      <Filter>头文件</Filter>
    </ClInclude>
    <ClInclude Include="MeshRender.h">
      <Filter>头文件</Filter>
    </ClInclude>
    <ClInclude Include="GeometryGens.h">
      <Filter>头文件</Filter>
    </ClInclude>
    <ClInclude Include="TrackballCameraController.h">
      <Filter>头文件</Filter>
    </ClInclude>
    <ClInclude Include="Camera\CameraComponent.h">
      <Filter>Camera</Filter>
    </ClInclude>
    <ClInclude Include="Camera\CameraHelp.h">
      <Filter>Camera</Filter>
    </ClInclude>
    <ClInclude Include="D3D11RendererMesh.h">
      <Filter>头文件</Filter>
    </ClInclude>
    <ClInclude Include="D3D11RendererMaterial.h">
      <Filter>头文件</Filter>
    </ClInclude>
  </ItemGroup>
  <ItemGroup>
    <None Include="Math\SimpleMath.inl">
      <Filter>Math</Filter>
    </None>
  </ItemGroup>
</Project>